// !$*UTF8*$!
{
	archiveVersion = 1;
	classes = {
	};
	objectVersion = 55;
	objects = {

/* Begin PBXBuildFile section */
		CE4FDF2E27A3785700D417A4 /* QPPProto.pb.swift in Sources */ = {isa = PBXBuildFile; fileRef = CE4FDF2D27A3785700D417A4 /* QPPProto.pb.swift */; };
		CE6F3217277C3E8A00E1CB4F /* RxWebSocketPackage.framework in Frameworks */ = {isa = PBXBuildFile; fileRef = CE6F3216277C3E8A00E1CB4F /* RxWebSocketPackage.framework */; };
		CE6F3218277C3E8A00E1CB4F /* RxWebSocketPackage.framework in Embed Frameworks */ = {isa = PBXBuildFile; fileRef = CE6F3216277C3E8A00E1CB4F /* RxWebSocketPackage.framework */; settings = {ATTRIBUTES = (CodeSignOnCopy, RemoveHeadersOnCopy, ); }; };
		CE6F322F2782D42800E1CB4F /* SwiftProtobuf in Frameworks */ = {isa = PBXBuildFile; productRef = CE6F322E2782D42800E1CB4F /* SwiftProtobuf */; };
		CE9B893F277C2D7B00B67710 /* AppDelegate.swift in Sources */ = {isa = PBXBuildFile; fileRef = CE9B893E277C2D7B00B67710 /* AppDelegate.swift */; };
		CE9B8941277C2D7B00B67710 /* SceneDelegate.swift in Sources */ = {isa = PBXBuildFile; fileRef = CE9B8940277C2D7B00B67710 /* SceneDelegate.swift */; };
		CE9B8943277C2D7B00B67710 /* ViewController.swift in Sources */ = {isa = PBXBuildFile; fileRef = CE9B8942277C2D7B00B67710 /* ViewController.swift */; };
		CE9B8946277C2D7B00B67710 /* Main.storyboard in Resources */ = {isa = PBXBuildFile; fileRef = CE9B8944277C2D7B00B67710 /* Main.storyboard */; };
		CE9B8948277C2D7D00B67710 /* Assets.xcassets in Resources */ = {isa = PBXBuildFile; fileRef = CE9B8947277C2D7D00B67710 /* Assets.xcassets */; };
		CE9B894B277C2D7D00B67710 /* LaunchScreen.storyboard in Resources */ = {isa = PBXBuildFile; fileRef = CE9B8949277C2D7D00B67710 /* LaunchScreen.storyboard */; };
		CE9B8956277C2D7D00B67710 /* ExampleWebSocketTests.swift in Sources */ = {isa = PBXBuildFile; fileRef = CE9B8955277C2D7D00B67710 /* ExampleWebSocketTests.swift */; };
		CE9B8960277C2D7D00B67710 /* ExampleWebSocketUITests.swift in Sources */ = {isa = PBXBuildFile; fileRef = CE9B895F277C2D7D00B67710 /* ExampleWebSocketUITests.swift */; };
		CE9B8962277C2D7D00B67710 /* ExampleWebSocketUITestsLaunchTests.swift in Sources */ = {isa = PBXBuildFile; fileRef = CE9B8961277C2D7D00B67710 /* ExampleWebSocketUITestsLaunchTests.swift */; };
		CEBB3E67278679EA00778295 /* WebSocketRequest.swift in Sources */ = {isa = PBXBuildFile; fileRef = CEBB3E66278679EA00778295 /* WebSocketRequest.swift */; };
		CEBB3E6B2786BBF500778295 /* PreLoginSysWebSocketRequest.swift in Sources */ = {isa = PBXBuildFile; fileRef = CEBB3E6A2786BBF500778295 /* PreLoginSysWebSocketRequest.swift */; };
		CEBB3E6D2786C39700778295 /* VerifyPreLoginWebSocketRequest.swift in Sources */ = {isa = PBXBuildFile; fileRef = CEBB3E6C2786C39700778295 /* VerifyPreLoginWebSocketRequest.swift */; };
		CEBB3E6F2787CE7300778295 /* LoginSysWebSocketRequest.swift in Sources */ = {isa = PBXBuildFile; fileRef = CEBB3E6E2787CE7300778295 /* LoginSysWebSocketRequest.swift */; };
		CEBB3E712787DBD900778295 /* CreateAccountWebSocketRequest.swift in Sources */ = {isa = PBXBuildFile; fileRef = CEBB3E702787DBD900778295 /* CreateAccountWebSocketRequest.swift */; };
		CEBB3E732788167000778295 /* ProfilesWebSocketRequest.swift in Sources */ = {isa = PBXBuildFile; fileRef = CEBB3E722788167000778295 /* ProfilesWebSocketRequest.swift */; };
		CEBB3E782788311100778295 /* LoginFServWebSocketRequest.swift in Sources */ = {isa = PBXBuildFile; fileRef = CEBB3E772788311100778295 /* LoginFServWebSocketRequest.swift */; };
		CEBB3E85278BD39200778295 /* UserDefaultsAdapter.swift in Sources */ = {isa = PBXBuildFile; fileRef = CEBB3E84278BD39200778295 /* UserDefaultsAdapter.swift */; };
/* End PBXBuildFile section */

/* Begin PBXContainerItemProxy section */
		CE9B8952277C2D7D00B67710 /* PBXContainerItemProxy */ = {
			isa = PBXContainerItemProxy;
			containerPortal = CE9B8933277C2D7B00B67710 /* Project object */;
			proxyType = 1;
			remoteGlobalIDString = CE9B893A277C2D7B00B67710;
			remoteInfo = ExampleWebSocket;
		};
		CE9B895C277C2D7D00B67710 /* PBXContainerItemProxy */ = {
			isa = PBXContainerItemProxy;
			containerPortal = CE9B8933277C2D7B00B67710 /* Project object */;
			proxyType = 1;
			remoteGlobalIDString = CE9B893A277C2D7B00B67710;
			remoteInfo = ExampleWebSocket;
		};
/* End PBXContainerItemProxy section */

/* Begin PBXCopyFilesBuildPhase section */
		CE6F3177277C2EF700E1CB4F /* Embed Frameworks */ = {
			isa = PBXCopyFilesBuildPhase;
			buildActionMask = 2147483647;
			dstPath = "";
			dstSubfolderSpec = 10;
			files = (
				CE6F3218277C3E8A00E1CB4F /* RxWebSocketPackage.framework in Embed Frameworks */,
			);
			name = "Embed Frameworks";
			runOnlyForDeploymentPostprocessing = 0;
		};
/* End PBXCopyFilesBuildPhase section */

/* Begin PBXFileReference section */
		CE4FDF2D27A3785700D417A4 /* QPPProto.pb.swift */ = {isa = PBXFileReference; fileEncoding = 4; lastKnownFileType = sourcecode.swift; path = QPPProto.pb.swift; sourceTree = "<group>"; };
		CE6F3216277C3E8A00E1CB4F /* RxWebSocketPackage.framework */ = {isa = PBXFileReference; explicitFileType = wrapper.framework; path = RxWebSocketPackage.framework; sourceTree = BUILT_PRODUCTS_DIR; };
		CE9B893B277C2D7B00B67710 /* ExampleWebSocket.app */ = {isa = PBXFileReference; explicitFileType = wrapper.application; includeInIndex = 0; path = ExampleWebSocket.app; sourceTree = BUILT_PRODUCTS_DIR; };
		CE9B893E277C2D7B00B67710 /* AppDelegate.swift */ = {isa = PBXFileReference; lastKnownFileType = sourcecode.swift; path = AppDelegate.swift; sourceTree = "<group>"; };
		CE9B8940277C2D7B00B67710 /* SceneDelegate.swift */ = {isa = PBXFileReference; lastKnownFileType = sourcecode.swift; path = SceneDelegate.swift; sourceTree = "<group>"; };
		CE9B8942277C2D7B00B67710 /* ViewController.swift */ = {isa = PBXFileReference; lastKnownFileType = sourcecode.swift; path = ViewController.swift; sourceTree = "<group>"; };
		CE9B8945277C2D7B00B67710 /* Base */ = {isa = PBXFileReference; lastKnownFileType = file.storyboard; name = Base; path = Base.lproj/Main.storyboard; sourceTree = "<group>"; };
		CE9B8947277C2D7D00B67710 /* Assets.xcassets */ = {isa = PBXFileReference; lastKnownFileType = folder.assetcatalog; path = Assets.xcassets; sourceTree = "<group>"; };
		CE9B894A277C2D7D00B67710 /* Base */ = {isa = PBXFileReference; lastKnownFileType = file.storyboard; name = Base; path = Base.lproj/LaunchScreen.storyboard; sourceTree = "<group>"; };
		CE9B894C277C2D7D00B67710 /* Info.plist */ = {isa = PBXFileReference; lastKnownFileType = text.plist.xml; path = Info.plist; sourceTree = "<group>"; };
		CE9B8951277C2D7D00B67710 /* ExampleWebSocketTests.xctest */ = {isa = PBXFileReference; explicitFileType = wrapper.cfbundle; includeInIndex = 0; path = ExampleWebSocketTests.xctest; sourceTree = BUILT_PRODUCTS_DIR; };
		CE9B8955277C2D7D00B67710 /* ExampleWebSocketTests.swift */ = {isa = PBXFileReference; lastKnownFileType = sourcecode.swift; path = ExampleWebSocketTests.swift; sourceTree = "<group>"; };
		CE9B895B277C2D7D00B67710 /* ExampleWebSocketUITests.xctest */ = {isa = PBXFileReference; explicitFileType = wrapper.cfbundle; includeInIndex = 0; path = ExampleWebSocketUITests.xctest; sourceTree = BUILT_PRODUCTS_DIR; };
		CE9B895F277C2D7D00B67710 /* ExampleWebSocketUITests.swift */ = {isa = PBXFileReference; lastKnownFileType = sourcecode.swift; path = ExampleWebSocketUITests.swift; sourceTree = "<group>"; };
		CE9B8961277C2D7D00B67710 /* ExampleWebSocketUITestsLaunchTests.swift */ = {isa = PBXFileReference; lastKnownFileType = sourcecode.swift; path = ExampleWebSocketUITestsLaunchTests.swift; sourceTree = "<group>"; };
		CEBB3E66278679EA00778295 /* WebSocketRequest.swift */ = {isa = PBXFileReference; lastKnownFileType = sourcecode.swift; path = WebSocketRequest.swift; sourceTree = "<group>"; };
		CEBB3E6A2786BBF500778295 /* PreLoginSysWebSocketRequest.swift */ = {isa = PBXFileReference; lastKnownFileType = sourcecode.swift; path = PreLoginSysWebSocketRequest.swift; sourceTree = "<group>"; };
		CEBB3E6C2786C39700778295 /* VerifyPreLoginWebSocketRequest.swift */ = {isa = PBXFileReference; lastKnownFileType = sourcecode.swift; path = VerifyPreLoginWebSocketRequest.swift; sourceTree = "<group>"; };
		CEBB3E6E2787CE7300778295 /* LoginSysWebSocketRequest.swift */ = {isa = PBXFileReference; lastKnownFileType = sourcecode.swift; path = LoginSysWebSocketRequest.swift; sourceTree = "<group>"; };
		CEBB3E702787DBD900778295 /* CreateAccountWebSocketRequest.swift */ = {isa = PBXFileReference; lastKnownFileType = sourcecode.swift; path = CreateAccountWebSocketRequest.swift; sourceTree = "<group>"; };
		CEBB3E722788167000778295 /* ProfilesWebSocketRequest.swift */ = {isa = PBXFileReference; lastKnownFileType = sourcecode.swift; path = ProfilesWebSocketRequest.swift; sourceTree = "<group>"; };
		CEBB3E772788311100778295 /* LoginFServWebSocketRequest.swift */ = {isa = PBXFileReference; lastKnownFileType = sourcecode.swift; path = LoginFServWebSocketRequest.swift; sourceTree = "<group>"; };
		CEBB3E84278BD39200778295 /* UserDefaultsAdapter.swift */ = {isa = PBXFileReference; lastKnownFileType = sourcecode.swift; path = UserDefaultsAdapter.swift; sourceTree = "<group>"; };
/* End PBXFileReference section */

/* Begin PBXFrameworksBuildPhase section */
		CE9B8938277C2D7B00B67710 /* Frameworks */ = {
			isa = PBXFrameworksBuildPhase;
			buildActionMask = 2147483647;
			files = (
				CE6F3217277C3E8A00E1CB4F /* RxWebSocketPackage.framework in Frameworks */,
				CE6F322F2782D42800E1CB4F /* SwiftProtobuf in Frameworks */,
			);
			runOnlyForDeploymentPostprocessing = 0;
		};
		CE9B894E277C2D7D00B67710 /* Frameworks */ = {
			isa = PBXFrameworksBuildPhase;
			buildActionMask = 2147483647;
			files = (
			);
			runOnlyForDeploymentPostprocessing = 0;
		};
		CE9B8958277C2D7D00B67710 /* Frameworks */ = {
			isa = PBXFrameworksBuildPhase;
			buildActionMask = 2147483647;
			files = (
			);
			runOnlyForDeploymentPostprocessing = 0;
		};
/* End PBXFrameworksBuildPhase section */

/* Begin PBXGroup section */
		CE6F3215277C3E8A00E1CB4F /* Frameworks */ = {
			isa = PBXGroup;
			children = (
				CE6F3216277C3E8A00E1CB4F /* RxWebSocketPackage.framework */,
			);
			name = Frameworks;
			sourceTree = "<group>";
		};
		CE9B8932277C2D7B00B67710 = {
			isa = PBXGroup;
			children = (
				CE9B893D277C2D7B00B67710 /* ExampleWebSocket */,
				CE9B8954277C2D7D00B67710 /* ExampleWebSocketTests */,
				CE9B895E277C2D7D00B67710 /* ExampleWebSocketUITests */,
				CE9B893C277C2D7B00B67710 /* Products */,
				CE6F3215277C3E8A00E1CB4F /* Frameworks */,
			);
			sourceTree = "<group>";
		};
		CE9B893C277C2D7B00B67710 /* Products */ = {
			isa = PBXGroup;
			children = (
				CE9B893B277C2D7B00B67710 /* ExampleWebSocket.app */,
				CE9B8951277C2D7D00B67710 /* ExampleWebSocketTests.xctest */,
				CE9B895B277C2D7D00B67710 /* ExampleWebSocketUITests.xctest */,
			);
			name = Products;
			sourceTree = "<group>";
		};
		CE9B893D277C2D7B00B67710 /* ExampleWebSocket */ = {
			isa = PBXGroup;
			children = (
				CE9B893E277C2D7B00B67710 /* AppDelegate.swift */,
				CE9B8940277C2D7B00B67710 /* SceneDelegate.swift */,
				CE9B8942277C2D7B00B67710 /* ViewController.swift */,
				CEBB3E84278BD39200778295 /* UserDefaultsAdapter.swift */,
				CEBB3E682786BB9A00778295 /* WebSocket */,
				CE9B8944277C2D7B00B67710 /* Main.storyboard */,
				CE9B8947277C2D7D00B67710 /* Assets.xcassets */,
				CE9B8949277C2D7D00B67710 /* LaunchScreen.storyboard */,
				CE9B894C277C2D7D00B67710 /* Info.plist */,
			);
			path = ExampleWebSocket;
			sourceTree = "<group>";
		};
		CE9B8954277C2D7D00B67710 /* ExampleWebSocketTests */ = {
			isa = PBXGroup;
			children = (
				CE9B8955277C2D7D00B67710 /* ExampleWebSocketTests.swift */,
			);
			path = ExampleWebSocketTests;
			sourceTree = "<group>";
		};
		CE9B895E277C2D7D00B67710 /* ExampleWebSocketUITests */ = {
			isa = PBXGroup;
			children = (
				CE9B895F277C2D7D00B67710 /* ExampleWebSocketUITests.swift */,
				CE9B8961277C2D7D00B67710 /* ExampleWebSocketUITestsLaunchTests.swift */,
			);
			path = ExampleWebSocketUITests;
			sourceTree = "<group>";
		};
		CEBB3E682786BB9A00778295 /* WebSocket */ = {
			isa = PBXGroup;
			children = (
				CE4FDF2D27A3785700D417A4 /* QPPProto.pb.swift */,
				CEBB3E66278679EA00778295 /* WebSocketRequest.swift */,
				CEBB3E692786BBA800778295 /* Requests */,
			);
			path = WebSocket;
			sourceTree = "<group>";
		};
		CEBB3E692786BBA800778295 /* Requests */ = {
			isa = PBXGroup;
			children = (
				CEBB3E742788169500778295 /* SysServ */,
				CEBB3E75278816A100778295 /* FuncServ */,
			);
			path = Requests;
			sourceTree = "<group>";
		};
		CEBB3E742788169500778295 /* SysServ */ = {
			isa = PBXGroup;
			children = (
				CEBB3E6E2787CE7300778295 /* LoginSysWebSocketRequest.swift */,
				CEBB3E6A2786BBF500778295 /* PreLoginSysWebSocketRequest.swift */,
				CEBB3E6C2786C39700778295 /* VerifyPreLoginWebSocketRequest.swift */,
				CEBB3E702787DBD900778295 /* CreateAccountWebSocketRequest.swift */,
			);
			path = SysServ;
			sourceTree = "<group>";
		};
		CEBB3E75278816A100778295 /* FuncServ */ = {
			isa = PBXGroup;
			children = (
				CEBB3E772788311100778295 /* LoginFServWebSocketRequest.swift */,
				CEBB3E722788167000778295 /* ProfilesWebSocketRequest.swift */,
			);
			path = FuncServ;
			sourceTree = "<group>";
		};
/* End PBXGroup section */

/* Begin PBXNativeTarget section */
		CE9B893A277C2D7B00B67710 /* ExampleWebSocket */ = {
			isa = PBXNativeTarget;
			buildConfigurationList = CE9B8965277C2D7D00B67710 /* Build configuration list for PBXNativeTarget "ExampleWebSocket" */;
			buildPhases = (
				CE9B8937277C2D7B00B67710 /* Sources */,
				CE9B8938277C2D7B00B67710 /* Frameworks */,
				CE9B8939277C2D7B00B67710 /* Resources */,
				CE6F3177277C2EF700E1CB4F /* Embed Frameworks */,
			);
			buildRules = (
			);
			dependencies = (
			);
			name = ExampleWebSocket;
			packageProductDependencies = (
				CE6F322E2782D42800E1CB4F /* SwiftProtobuf */,
			);
			productName = ExampleWebSocket;
			productReference = CE9B893B277C2D7B00B67710 /* ExampleWebSocket.app */;
			productType = "com.apple.product-type.application";
		};
		CE9B8950277C2D7D00B67710 /* ExampleWebSocketTests */ = {
			isa = PBXNativeTarget;
			buildConfigurationList = CE9B8968277C2D7D00B67710 /* Build configuration list for PBXNativeTarget "ExampleWebSocketTests" */;
			buildPhases = (
				CE9B894D277C2D7D00B67710 /* Sources */,
				CE9B894E277C2D7D00B67710 /* Frameworks */,
				CE9B894F277C2D7D00B67710 /* Resources */,
			);
			buildRules = (
			);
			dependencies = (
				CE9B8953277C2D7D00B67710 /* PBXTargetDependency */,
			);
			name = ExampleWebSocketTests;
			productName = ExampleWebSocketTests;
			productReference = CE9B8951277C2D7D00B67710 /* ExampleWebSocketTests.xctest */;
			productType = "com.apple.product-type.bundle.unit-test";
		};
		CE9B895A277C2D7D00B67710 /* ExampleWebSocketUITests */ = {
			isa = PBXNativeTarget;
			buildConfigurationList = CE9B896B277C2D7D00B67710 /* Build configuration list for PBXNativeTarget "ExampleWebSocketUITests" */;
			buildPhases = (
				CE9B8957277C2D7D00B67710 /* Sources */,
				CE9B8958277C2D7D00B67710 /* Frameworks */,
				CE9B8959277C2D7D00B67710 /* Resources */,
			);
			buildRules = (
			);
			dependencies = (
				CE9B895D277C2D7D00B67710 /* PBXTargetDependency */,
			);
			name = ExampleWebSocketUITests;
			productName = ExampleWebSocketUITests;
			productReference = CE9B895B277C2D7D00B67710 /* ExampleWebSocketUITests.xctest */;
			productType = "com.apple.product-type.bundle.ui-testing";
		};
/* End PBXNativeTarget section */

/* Begin PBXProject section */
		CE9B8933277C2D7B00B67710 /* Project object */ = {
			isa = PBXProject;
			attributes = {
				BuildIndependentTargetsInParallel = 1;
				LastSwiftUpdateCheck = 1310;
				LastUpgradeCheck = 1310;
				TargetAttributes = {
					CE9B893A277C2D7B00B67710 = {
						CreatedOnToolsVersion = 13.1;
					};
					CE9B8950277C2D7D00B67710 = {
						CreatedOnToolsVersion = 13.1;
						TestTargetID = CE9B893A277C2D7B00B67710;
					};
					CE9B895A277C2D7D00B67710 = {
						CreatedOnToolsVersion = 13.1;
						TestTargetID = CE9B893A277C2D7B00B67710;
					};
				};
			};
			buildConfigurationList = CE9B8936277C2D7B00B67710 /* Build configuration list for PBXProject "ExampleWebSocket" */;
			compatibilityVersion = "Xcode 13.0";
			developmentRegion = en;
			hasScannedForEncodings = 0;
			knownRegions = (
				en,
				Base,
			);
			mainGroup = CE9B8932277C2D7B00B67710;
			packageReferences = (
				CE6F322D2782D42800E1CB4F /* XCRemoteSwiftPackageReference "swift-protobuf" */,
			);
			productRefGroup = CE9B893C277C2D7B00B67710 /* Products */;
			projectDirPath = "";
			projectRoot = "";
			targets = (
				CE9B893A277C2D7B00B67710 /* ExampleWebSocket */,
				CE9B8950277C2D7D00B67710 /* ExampleWebSocketTests */,
				CE9B895A277C2D7D00B67710 /* ExampleWebSocketUITests */,
			);
		};
/* End PBXProject section */

/* Begin PBXResourcesBuildPhase section */
		CE9B8939277C2D7B00B67710 /* Resources */ = {
			isa = PBXResourcesBuildPhase;
			buildActionMask = 2147483647;
			files = (
				CE9B894B277C2D7D00B67710 /* LaunchScreen.storyboard in Resources */,
				CE9B8948277C2D7D00B67710 /* Assets.xcassets in Resources */,
				CE9B8946277C2D7B00B67710 /* Main.storyboard in Resources */,
			);
			runOnlyForDeploymentPostprocessing = 0;
		};
		CE9B894F277C2D7D00B67710 /* Resources */ = {
			isa = PBXResourcesBuildPhase;
			buildActionMask = 2147483647;
			files = (
			);
			runOnlyForDeploymentPostprocessing = 0;
		};
		CE9B8959277C2D7D00B67710 /* Resources */ = {
			isa = PBXResourcesBuildPhase;
			buildActionMask = 2147483647;
			files = (
			);
			runOnlyForDeploymentPostprocessing = 0;
		};
/* End PBXResourcesBuildPhase section */

/* Begin PBXSourcesBuildPhase section */
		CE9B8937277C2D7B00B67710 /* Sources */ = {
			isa = PBXSourcesBuildPhase;
			buildActionMask = 2147483647;
			files = (
				CEBB3E6D2786C39700778295 /* VerifyPreLoginWebSocketRequest.swift in Sources */,
				CE4FDF2E27A3785700D417A4 /* QPPProto.pb.swift in Sources */,
				CEBB3E6F2787CE7300778295 /* LoginSysWebSocketRequest.swift in Sources */,
				CEBB3E67278679EA00778295 /* WebSocketRequest.swift in Sources */,
				CEBB3E6B2786BBF500778295 /* PreLoginSysWebSocketRequest.swift in Sources */,
				CEBB3E85278BD39200778295 /* UserDefaultsAdapter.swift in Sources */,
				CE9B8943277C2D7B00B67710 /* ViewController.swift in Sources */,
				CEBB3E732788167000778295 /* ProfilesWebSocketRequest.swift in Sources */,
				CEBB3E782788311100778295 /* LoginFServWebSocketRequest.swift in Sources */,
				CEBB3E712787DBD900778295 /* CreateAccountWebSocketRequest.swift in Sources */,
				CE9B893F277C2D7B00B67710 /* AppDelegate.swift in Sources */,
				CE9B8941277C2D7B00B67710 /* SceneDelegate.swift in Sources */,
			);
			runOnlyForDeploymentPostprocessing = 0;
		};
		CE9B894D277C2D7D00B67710 /* Sources */ = {
			isa = PBXSourcesBuildPhase;
			buildActionMask = 2147483647;
			files = (
				CE9B8956277C2D7D00B67710 /* ExampleWebSocketTests.swift in Sources */,
			);
			runOnlyForDeploymentPostprocessing = 0;
		};
		CE9B8957277C2D7D00B67710 /* Sources */ = {
			isa = PBXSourcesBuildPhase;
			buildActionMask = 2147483647;
			files = (
				CE9B8960277C2D7D00B67710 /* ExampleWebSocketUITests.swift in Sources */,
				CE9B8962277C2D7D00B67710 /* ExampleWebSocketUITestsLaunchTests.swift in Sources */,
			);
			runOnlyForDeploymentPostprocessing = 0;
		};
/* End PBXSourcesBuildPhase section */

/* Begin PBXTargetDependency section */
		CE9B8953277C2D7D00B67710 /* PBXTargetDependency */ = {
			isa = PBXTargetDependency;
			target = CE9B893A277C2D7B00B67710 /* ExampleWebSocket */;
			targetProxy = CE9B8952277C2D7D00B67710 /* PBXContainerItemProxy */;
		};
		CE9B895D277C2D7D00B67710 /* PBXTargetDependency */ = {
			isa = PBXTargetDependency;
			target = CE9B893A277C2D7B00B67710 /* ExampleWebSocket */;
			targetProxy = CE9B895C277C2D7D00B67710 /* PBXContainerItemProxy */;
		};
/* End PBXTargetDependency section */

/* Begin PBXVariantGroup section */
		CE9B8944277C2D7B00B67710 /* Main.storyboard */ = {
			isa = PBXVariantGroup;
			children = (
				CE9B8945277C2D7B00B67710 /* Base */,
			);
			name = Main.storyboard;
			sourceTree = "<group>";
		};
		CE9B8949277C2D7D00B67710 /* LaunchScreen.storyboard */ = {
			isa = PBXVariantGroup;
			children = (
				CE9B894A277C2D7D00B67710 /* Base */,
			);
			name = LaunchScreen.storyboard;
			sourceTree = "<group>";
		};
/* End PBXVariantGroup section */

/* Begin XCBuildConfiguration section */
		CE9B8963277C2D7D00B67710 /* Debug */ = {
			isa = XCBuildConfiguration;
			buildSettings = {
				ALWAYS_SEARCH_USER_PATHS = NO;
				CLANG_ANALYZER_NONNULL = YES;
				CLANG_ANALYZER_NUMBER_OBJECT_CONVERSION = YES_AGGRESSIVE;
				CLANG_CXX_LANGUAGE_STANDARD = "gnu++17";
				CLANG_CXX_LIBRARY = "libc++";
				CLANG_ENABLE_MODULES = YES;
				CLANG_ENABLE_OBJC_ARC = YES;
				CLANG_ENABLE_OBJC_WEAK = YES;
				CLANG_WARN_BLOCK_CAPTURE_AUTORELEASING = YES;
				CLANG_WARN_BOOL_CONVERSION = YES;
				CLANG_WARN_COMMA = YES;
				CLANG_WARN_CONSTANT_CONVERSION = YES;
				CLANG_WARN_DEPRECATED_OBJC_IMPLEMENTATIONS = YES;
				CLANG_WARN_DIRECT_OBJC_ISA_USAGE = YES_ERROR;
				CLANG_WARN_DOCUMENTATION_COMMENTS = YES;
				CLANG_WARN_EMPTY_BODY = YES;
				CLANG_WARN_ENUM_CONVERSION = YES;
				CLANG_WARN_INFINITE_RECURSION = YES;
				CLANG_WARN_INT_CONVERSION = YES;
				CLANG_WARN_NON_LITERAL_NULL_CONVERSION = YES;
				CLANG_WARN_OBJC_IMPLICIT_RETAIN_SELF = YES;
				CLANG_WARN_OBJC_LITERAL_CONVERSION = YES;
				CLANG_WARN_OBJC_ROOT_CLASS = YES_ERROR;
				CLANG_WARN_QUOTED_INCLUDE_IN_FRAMEWORK_HEADER = YES;
				CLANG_WARN_RANGE_LOOP_ANALYSIS = YES;
				CLANG_WARN_STRICT_PROTOTYPES = YES;
				CLANG_WARN_SUSPICIOUS_MOVE = YES;
				CLANG_WARN_UNGUARDED_AVAILABILITY = YES_AGGRESSIVE;
				CLANG_WARN_UNREACHABLE_CODE = YES;
				CLANG_WARN__DUPLICATE_METHOD_MATCH = YES;
				COPY_PHASE_STRIP = NO;
				DEBUG_INFORMATION_FORMAT = dwarf;
				ENABLE_STRICT_OBJC_MSGSEND = YES;
				ENABLE_TESTABILITY = YES;
				GCC_C_LANGUAGE_STANDARD = gnu11;
				GCC_DYNAMIC_NO_PIC = NO;
				GCC_NO_COMMON_BLOCKS = YES;
				GCC_OPTIMIZATION_LEVEL = 0;
				GCC_PREPROCESSOR_DEFINITIONS = (
					"DEBUG=1",
					"$(inherited)",
				);
				GCC_WARN_64_TO_32_BIT_CONVERSION = YES;
				GCC_WARN_ABOUT_RETURN_TYPE = YES_ERROR;
				GCC_WARN_UNDECLARED_SELECTOR = YES;
				GCC_WARN_UNINITIALIZED_AUTOS = YES_AGGRESSIVE;
				GCC_WARN_UNUSED_FUNCTION = YES;
				GCC_WARN_UNUSED_VARIABLE = YES;
				IPHONEOS_DEPLOYMENT_TARGET = 13.0;
				MTL_ENABLE_DEBUG_INFO = INCLUDE_SOURCE;
				MTL_FAST_MATH = YES;
				ONLY_ACTIVE_ARCH = YES;
				SDKROOT = iphoneos;
				SWIFT_ACTIVE_COMPILATION_CONDITIONS = DEBUG;
				SWIFT_OPTIMIZATION_LEVEL = "-Onone";
			};
			name = Debug;
		};
		CE9B8964277C2D7D00B67710 /* Release */ = {
			isa = XCBuildConfiguration;
			buildSettings = {
				ALWAYS_SEARCH_USER_PATHS = NO;
				CLANG_ANALYZER_NONNULL = YES;
				CLANG_ANALYZER_NUMBER_OBJECT_CONVERSION = YES_AGGRESSIVE;
				CLANG_CXX_LANGUAGE_STANDARD = "gnu++17";
				CLANG_CXX_LIBRARY = "libc++";
				CLANG_ENABLE_MODULES = YES;
				CLANG_ENABLE_OBJC_ARC = YES;
				CLANG_ENABLE_OBJC_WEAK = YES;
				CLANG_WARN_BLOCK_CAPTURE_AUTORELEASING = YES;
				CLANG_WARN_BOOL_CONVERSION = YES;
				CLANG_WARN_COMMA = YES;
				CLANG_WARN_CONSTANT_CONVERSION = YES;
				CLANG_WARN_DEPRECATED_OBJC_IMPLEMENTATIONS = YES;
				CLANG_WARN_DIRECT_OBJC_ISA_USAGE = YES_ERROR;
				CLANG_WARN_DOCUMENTATION_COMMENTS = YES;
				CLANG_WARN_EMPTY_BODY = YES;
				CLANG_WARN_ENUM_CONVERSION = YES;
				CLANG_WARN_INFINITE_RECURSION = YES;
				CLANG_WARN_INT_CONVERSION = YES;
				CLANG_WARN_NON_LITERAL_NULL_CONVERSION = YES;
				CLANG_WARN_OBJC_IMPLICIT_RETAIN_SELF = YES;
				CLANG_WARN_OBJC_LITERAL_CONVERSION = YES;
				CLANG_WARN_OBJC_ROOT_CLASS = YES_ERROR;
				CLANG_WARN_QUOTED_INCLUDE_IN_FRAMEWORK_HEADER = YES;
				CLANG_WARN_RANGE_LOOP_ANALYSIS = YES;
				CLANG_WARN_STRICT_PROTOTYPES = YES;
				CLANG_WARN_SUSPICIOUS_MOVE = YES;
				CLANG_WARN_UNGUARDED_AVAILABILITY = YES_AGGRESSIVE;
				CLANG_WARN_UNREACHABLE_CODE = YES;
				CLANG_WARN__DUPLICATE_METHOD_MATCH = YES;
				COPY_PHASE_STRIP = NO;
				DEBUG_INFORMATION_FORMAT = "dwarf-with-dsym";
				ENABLE_NS_ASSERTIONS = NO;
				ENABLE_STRICT_OBJC_MSGSEND = YES;
				GCC_C_LANGUAGE_STANDARD = gnu11;
				GCC_NO_COMMON_BLOCKS = YES;
				GCC_WARN_64_TO_32_BIT_CONVERSION = YES;
				GCC_WARN_ABOUT_RETURN_TYPE = YES_ERROR;
				GCC_WARN_UNDECLARED_SELECTOR = YES;
				GCC_WARN_UNINITIALIZED_AUTOS = YES_AGGRESSIVE;
				GCC_WARN_UNUSED_FUNCTION = YES;
				GCC_WARN_UNUSED_VARIABLE = YES;
				IPHONEOS_DEPLOYMENT_TARGET = 13.0;
				MTL_ENABLE_DEBUG_INFO = NO;
				MTL_FAST_MATH = YES;
				SDKROOT = iphoneos;
				SWIFT_COMPILATION_MODE = wholemodule;
				SWIFT_OPTIMIZATION_LEVEL = "-O";
				VALIDATE_PRODUCT = YES;
			};
			name = Release;
		};
		CE9B8966277C2D7D00B67710 /* Debug */ = {
			isa = XCBuildConfiguration;
			buildSettings = {
				ASSETCATALOG_COMPILER_APPICON_NAME = AppIcon;
				ASSETCATALOG_COMPILER_GLOBAL_ACCENT_COLOR_NAME = AccentColor;
				CODE_SIGN_STYLE = Automatic;
				CURRENT_PROJECT_VERSION = 1;
				DEVELOPMENT_TEAM = VH4AS5QT2C;
				GENERATE_INFOPLIST_FILE = YES;
				INFOPLIST_FILE = ExampleWebSocket/Info.plist;
				INFOPLIST_KEY_UIApplicationSupportsIndirectInputEvents = YES;
				INFOPLIST_KEY_UILaunchStoryboardName = LaunchScreen;
				INFOPLIST_KEY_UIMainStoryboardFile = Main;
				INFOPLIST_KEY_UISupportedInterfaceOrientations_iPad = "UIInterfaceOrientationPortrait UIInterfaceOrientationPortraitUpsideDown UIInterfaceOrientationLandscapeLeft UIInterfaceOrientationLandscapeRight";
				INFOPLIST_KEY_UISupportedInterfaceOrientations_iPhone = "UIInterfaceOrientationPortrait UIInterfaceOrientationLandscapeLeft UIInterfaceOrientationLandscapeRight";
				LD_RUNPATH_SEARCH_PATHS = (
					"$(inherited)",
					"@executable_path/Frameworks",
				);
				MARKETING_VERSION = 1.0;
				PRODUCT_BUNDLE_IDENTIFIER = com.test.ExampleWebSocket;
				PRODUCT_NAME = "$(TARGET_NAME)";
				SWIFT_EMIT_LOC_STRINGS = YES;
				SWIFT_VERSION = 5.0;
				TARGETED_DEVICE_FAMILY = "1,2";
			};
			name = Debug;
		};
		CE9B8967277C2D7D00B67710 /* Release */ = {
			isa = XCBuildConfiguration;
			buildSettings = {
				ASSETCATALOG_COMPILER_APPICON_NAME = AppIcon;
				ASSETCATALOG_COMPILER_GLOBAL_ACCENT_COLOR_NAME = AccentColor;
				CODE_SIGN_STYLE = Automatic;
				CURRENT_PROJECT_VERSION = 1;
				DEVELOPMENT_TEAM = VH4AS5QT2C;
				GENERATE_INFOPLIST_FILE = YES;
				INFOPLIST_FILE = ExampleWebSocket/Info.plist;
				INFOPLIST_KEY_UIApplicationSupportsIndirectInputEvents = YES;
				INFOPLIST_KEY_UILaunchStoryboardName = LaunchScreen;
				INFOPLIST_KEY_UIMainStoryboardFile = Main;
				INFOPLIST_KEY_UISupportedInterfaceOrientations_iPad = "UIInterfaceOrientationPortrait UIInterfaceOrientationPortraitUpsideDown UIInterfaceOrientationLandscapeLeft UIInterfaceOrientationLandscapeRight";
				INFOPLIST_KEY_UISupportedInterfaceOrientations_iPhone = "UIInterfaceOrientationPortrait UIInterfaceOrientationLandscapeLeft UIInterfaceOrientationLandscapeRight";
				LD_RUNPATH_SEARCH_PATHS = (
					"$(inherited)",
					"@executable_path/Frameworks",
				);
				MARKETING_VERSION = 1.0;
				PRODUCT_BUNDLE_IDENTIFIER = com.test.ExampleWebSocket;
				PRODUCT_NAME = "$(TARGET_NAME)";
				SWIFT_EMIT_LOC_STRINGS = YES;
				SWIFT_VERSION = 5.0;
				TARGETED_DEVICE_FAMILY = "1,2";
			};
			name = Release;
		};
		CE9B8969277C2D7D00B67710 /* Debug */ = {
			isa = XCBuildConfiguration;
			buildSettings = {
				ALWAYS_EMBED_SWIFT_STANDARD_LIBRARIES = YES;
				BUNDLE_LOADER = "$(TEST_HOST)";
				CODE_SIGN_STYLE = Automatic;
				CURRENT_PROJECT_VERSION = 1;
				GENERATE_INFOPLIST_FILE = YES;
				IPHONEOS_DEPLOYMENT_TARGET = 15.0;
				LD_RUNPATH_SEARCH_PATHS = (
					"$(inherited)",
					"@executable_path/Frameworks",
					"@loader_path/Frameworks",
				);
				MARKETING_VERSION = 1.0;
				PRODUCT_BUNDLE_IDENTIFIER = com.test.ExampleWebSocketTests;
				PRODUCT_NAME = "$(TARGET_NAME)";
				SWIFT_EMIT_LOC_STRINGS = NO;
				SWIFT_VERSION = 5.0;
				TARGETED_DEVICE_FAMILY = "1,2";
				TEST_HOST = "$(BUILT_PRODUCTS_DIR)/ExampleWebSocket.app/ExampleWebSocket";
			};
			name = Debug;
		};
		CE9B896A277C2D7D00B67710 /* Release */ = {
			isa = XCBuildConfiguration;
			buildSettings = {
				ALWAYS_EMBED_SWIFT_STANDARD_LIBRARIES = YES;
				BUNDLE_LOADER = "$(TEST_HOST)";
				CODE_SIGN_STYLE = Automatic;
				CURRENT_PROJECT_VERSION = 1;
				GENERATE_INFOPLIST_FILE = YES;
				IPHONEOS_DEPLOYMENT_TARGET = 15.0;
				LD_RUNPATH_SEARCH_PATHS = (
					"$(inherited)",
					"@executable_path/Frameworks",
					"@loader_path/Frameworks",
				);
				MARKETING_VERSION = 1.0;
				PRODUCT_BUNDLE_IDENTIFIER = com.test.ExampleWebSocketTests;
				PRODUCT_NAME = "$(TARGET_NAME)";
				SWIFT_EMIT_LOC_STRINGS = NO;
				SWIFT_VERSION = 5.0;
				TARGETED_DEVICE_FAMILY = "1,2";
				TEST_HOST = "$(BUILT_PRODUCTS_DIR)/ExampleWebSocket.app/ExampleWebSocket";
			};
			name = Release;
		};
		CE9B896C277C2D7D00B67710 /* Debug */ = {
			isa = XCBuildConfiguration;
			buildSettings = {
				ALWAYS_EMBED_SWIFT_STANDARD_LIBRARIES = YES;
				CODE_SIGN_STYLE = Automatic;
				CURRENT_PROJECT_VERSION = 1;
				GENERATE_INFOPLIST_FILE = YES;
				LD_RUNPATH_SEARCH_PATHS = (
					"$(inherited)",
					"@executable_path/Frameworks",
					"@loader_path/Frameworks",
				);
				MARKETING_VERSION = 1.0;
				PRODUCT_BUNDLE_IDENTIFIER = com.test.ExampleWebSocketUITests;
				PRODUCT_NAME = "$(TARGET_NAME)";
				SWIFT_EMIT_LOC_STRINGS = NO;
				SWIFT_VERSION = 5.0;
				TARGETED_DEVICE_FAMILY = "1,2";
				TEST_TARGET_NAME = ExampleWebSocket;
			};
			name = Debug;
		};
		CE9B896D277C2D7D00B67710 /* Release */ = {
			isa = XCBuildConfiguration;
			buildSettings = {
				ALWAYS_EMBED_SWIFT_STANDARD_LIBRARIES = YES;
				CODE_SIGN_STYLE = Automatic;
				CURRENT_PROJECT_VERSION = 1;
				GENERATE_INFOPLIST_FILE = YES;
				LD_RUNPATH_SEARCH_PATHS = (
					"$(inherited)",
					"@executable_path/Frameworks",
					"@loader_path/Frameworks",
				);
				MARKETING_VERSION = 1.0;
				PRODUCT_BUNDLE_IDENTIFIER = com.test.ExampleWebSocketUITests;
				PRODUCT_NAME = "$(TARGET_NAME)";
				SWIFT_EMIT_LOC_STRINGS = NO;
				SWIFT_VERSION = 5.0;
				TARGETED_DEVICE_FAMILY = "1,2";
				TEST_TARGET_NAME = ExampleWebSocket;
			};
			name = Release;
		};
/* End XCBuildConfiguration section */

/* Begin XCConfigurationList section */
		CE9B8936277C2D7B00B67710 /* Build configuration list for PBXProject "ExampleWebSocket" */ = {
			isa = XCConfigurationList;
			buildConfigurations = (
				CE9B8963277C2D7D00B67710 /* Debug */,
				CE9B8964277C2D7D00B67710 /* Release */,
			);
			defaultConfigurationIsVisible = 0;
			defaultConfigurationName = Release;
		};
		CE9B8965277C2D7D00B67710 /* Build configuration list for PBXNativeTarget "ExampleWebSocket" */ = {
			isa = XCConfigurationList;
			buildConfigurations = (
				CE9B8966277C2D7D00B67710 /* Debug */,
				CE9B8967277C2D7D00B67710 /* Release */,
			);
			defaultConfigurationIsVisible = 0;
			defaultConfigurationName = Release;
		};
		CE9B8968277C2D7D00B67710 /* Build configuration list for PBXNativeTarget "ExampleWebSocketTests" */ = {
			isa = XCConfigurationList;
			buildConfigurations = (
				CE9B8969277C2D7D00B67710 /* Debug */,
				CE9B896A277C2D7D00B67710 /* Release */,
			);
			defaultConfigurationIsVisible = 0;
			defaultConfigurationName = Release;
		};
		CE9B896B277C2D7D00B67710 /* Build configuration list for PBXNativeTarget "ExampleWebSocketUITests" */ = {
			isa = XCConfigurationList;
			buildConfigurations = (
				CE9B896C277C2D7D00B67710 /* Debug */,
				CE9B896D277C2D7D00B67710 /* Release */,
			);
			defaultConfigurationIsVisible = 0;
			defaultConfigurationName = Release;
		};
/* End XCConfigurationList section */

/* Begin XCRemoteSwiftPackageReference section */
		CE6F322D2782D42800E1CB4F /* XCRemoteSwiftPackageReference "swift-protobuf" */ = {
			isa = XCRemoteSwiftPackageReference;
			repositoryURL = "https://github.com/apple/swift-protobuf.git";
			requirement = {
				kind = upToNextMajorVersion;
				minimumVersion = 1.0.0;
			};
		};
/* End XCRemoteSwiftPackageReference section */

/* Begin XCSwiftPackageProductDependency section */
		CE6F322E2782D42800E1CB4F /* SwiftProtobuf */ = {
			isa = XCSwiftPackageProductDependency;
			package = CE6F322D2782D42800E1CB4F /* XCRemoteSwiftPackageReference "swift-protobuf" */;
			productName = SwiftProtobuf;
		};
/* End XCSwiftPackageProductDependency section */
	};
	rootObject = CE9B8933277C2D7B00B67710 /* Project object */;
}
